{
  "name": "webfolder-starter",
  "version": "1.0.0",
  "lockfileVersion": 2,
  "requires": true,
  "packages": {
    "": {
      "name": "webfolder-starter",
      "version": "1.0.0",
      "license": "ISC",
      "dependencies": {
        "uikit": "^3.5.10"
      }
    },
    "node_modules/uikit": {
      "version": "3.5.10",
      "resolved": "https://registry.npmjs.org/uikit/-/uikit-3.5.10.tgz",
      "integrity": "sha512-X+OUD02atmks1yYG9C3FSo1EcQ0xfV0+NCHspTShd2uMKYcC5LiMq6o/MyxBxx2bQSeKXh6Kh8TqQ/v4LWI4Tg=="
    }
  },
  "dependencies": {
    "uikit": {
      "version": "3.5.10",
      "resolved": "https://registry.npmjs.org/uikit/-/uikit-3.5.10.tgz",
      "integrity": "sha512-X+OUD02atmks1yYG9C3FSo1EcQ0xfV0+NCHspTShd2uMKYcC5LiMq6o/MyxBxx2bQSeKXh6Kh8TqQ/v4LWI4Tg=="
    }
  }
}
